// !$*UTF8*$!
{
	archiveVersion = 1;
	classes = {
	};
	objectVersion = 51;
	objects = {

/* Begin PBXBuildFile section */
		1FDE9604C2322D8892BB09FE /* Pods_FundallTests.framework in Frameworks */ = {isa = PBXBuildFile; fileRef = 27119E0D083EF791265A2BB8 /* Pods_FundallTests.framework */; };
		B44DF3442626DEC500851950 /* AppDelegate.swift in Sources */ = {isa = PBXBuildFile; fileRef = B44DF3432626DEC500851950 /* AppDelegate.swift */; };
		B44DF3462626DEC500851950 /* SceneDelegate.swift in Sources */ = {isa = PBXBuildFile; fileRef = B44DF3452626DEC500851950 /* SceneDelegate.swift */; };
		B44DF34B2626DEC500851950 /* Main.storyboard in Resources */ = {isa = PBXBuildFile; fileRef = B44DF3492626DEC500851950 /* Main.storyboard */; };
		B44DF34E2626DEC500851950 /* Fundall.xcdatamodeld in Sources */ = {isa = PBXBuildFile; fileRef = B44DF34C2626DEC500851950 /* Fundall.xcdatamodeld */; };
		B44DF3502626DEC700851950 /* Assets.xcassets in Resources */ = {isa = PBXBuildFile; fileRef = B44DF34F2626DEC700851950 /* Assets.xcassets */; };
		B44DF3532626DEC800851950 /* LaunchScreen.storyboard in Resources */ = {isa = PBXBuildFile; fileRef = B44DF3512626DEC800851950 /* LaunchScreen.storyboard */; };
		B44DF35E2626DEC800851950 /* FundallTests.swift in Sources */ = {isa = PBXBuildFile; fileRef = B44DF35D2626DEC800851950 /* FundallTests.swift */; };
		B44DF3692626DEC800851950 /* FundallUITests.swift in Sources */ = {isa = PBXBuildFile; fileRef = B44DF3682626DEC800851950 /* FundallUITests.swift */; };
		B44DF37A2627482C00851950 /* SignUpViewController.swift in Sources */ = {isa = PBXBuildFile; fileRef = B44DF3792627482C00851950 /* SignUpViewController.swift */; };
		B44DF37F2627489D00851950 /* LoginViewController.swift in Sources */ = {isa = PBXBuildFile; fileRef = B44DF37E2627489D00851950 /* LoginViewController.swift */; };
		B44DF3922627505100851950 /* Extensions.swift in Sources */ = {isa = PBXBuildFile; fileRef = B44DF3912627505100851950 /* Extensions.swift */; };
		B44DF39A2627557400851950 /* Constants.swift in Sources */ = {isa = PBXBuildFile; fileRef = B44DF3992627557400851950 /* Constants.swift */; };
		B44DF3A026275F5000851950 /* PasswordViewController.swift in Sources */ = {isa = PBXBuildFile; fileRef = B44DF39F26275F5000851950 /* PasswordViewController.swift */; };
		B44DF3FE262841EC00851950 /* FundallProgress.swift in Sources */ = {isa = PBXBuildFile; fileRef = B44DF3FD262841EC00851950 /* FundallProgress.swift */; };
		B44DF4032628435000851950 /* FundallHomeTableViewCell.swift in Sources */ = {isa = PBXBuildFile; fileRef = B44DF4022628435000851950 /* FundallHomeTableViewCell.swift */; };
		B44DF4082628554D00851950 /* HomeViewController.swift in Sources */ = {isa = PBXBuildFile; fileRef = B44DF4072628554D00851950 /* HomeViewController.swift */; };
		B44DF40D2628BC9B00851950 /* FundallCardCollectionViewCell.swift in Sources */ = {isa = PBXBuildFile; fileRef = B44DF40C2628BC9B00851950 /* FundallCardCollectionViewCell.swift */; };
		B44DF4122628BDCF00851950 /* FundallCardTableViewCell.swift in Sources */ = {isa = PBXBuildFile; fileRef = B44DF4112628BDCF00851950 /* FundallCardTableViewCell.swift */; };
		B44DF4172628CA2C00851950 /* CardViewController.swift in Sources */ = {isa = PBXBuildFile; fileRef = B44DF4162628CA2C00851950 /* CardViewController.swift */; };
		B44DF425262990E700851950 /* AnalyticViewController.swift in Sources */ = {isa = PBXBuildFile; fileRef = B44DF424262990E700851950 /* AnalyticViewController.swift */; };
		B44DF42A2629986D00851950 /* AnalyticsTableViewCell.swift in Sources */ = {isa = PBXBuildFile; fileRef = B44DF4292629986D00851950 /* AnalyticsTableViewCell.swift */; };
		B44DF42F2629988800851950 /* AnalyticsCollectionViewCell.swift in Sources */ = {isa = PBXBuildFile; fileRef = B44DF42E2629988800851950 /* AnalyticsCollectionViewCell.swift */; };
		B44DF4362629A34500851950 /* NetworkConstants.swift in Sources */ = {isa = PBXBuildFile; fileRef = B44DF4352629A34500851950 /* NetworkConstants.swift */; };
		B44DF43E2629A51B00851950 /* RegisterResponse.swift in Sources */ = {isa = PBXBuildFile; fileRef = B44DF43D2629A51B00851950 /* RegisterResponse.swift */; };
		B44DF4432629A57500851950 /* LoginResponse.swift in Sources */ = {isa = PBXBuildFile; fileRef = B44DF4422629A57500851950 /* LoginResponse.swift */; };
		B44DF4482629A61C00851950 /* ProfileResponse.swift in Sources */ = {isa = PBXBuildFile; fileRef = B44DF4472629A61C00851950 /* ProfileResponse.swift */; };
		B44DF4552629A6C800851950 /* AvatarResponse.swift in Sources */ = {isa = PBXBuildFile; fileRef = B44DF4542629A6C800851950 /* AvatarResponse.swift */; };
		B44DF45A2629A71000851950 /* ApiError.swift in Sources */ = {isa = PBXBuildFile; fileRef = B44DF4592629A71000851950 /* ApiError.swift */; };
		B44DF45F2629A77100851950 /* ApiRouter.swift in Sources */ = {isa = PBXBuildFile; fileRef = B44DF45E2629A77100851950 /* ApiRouter.swift */; };
		B44DF4722629AC8F00851950 /* ApiClient.swift in Sources */ = {isa = PBXBuildFile; fileRef = B44DF4712629AC8F00851950 /* ApiClient.swift */; };
		B44DF4782629B0E500851950 /* Util.swift in Sources */ = {isa = PBXBuildFile; fileRef = B44DF4772629B0E500851950 /* Util.swift */; };
		B44DF4802629B3C500851950 /* FundView.swift in Sources */ = {isa = PBXBuildFile; fileRef = B44DF47F2629B3C500851950 /* FundView.swift */; };
		B44DF4852629B47900851950 /* SoftError.swift in Sources */ = {isa = PBXBuildFile; fileRef = B44DF4842629B47900851950 /* SoftError.swift */; };
		B44DF48A2629CB6E00851950 /* NetworkUpload.swift in Sources */ = {isa = PBXBuildFile; fileRef = B44DF4892629CB6E00851950 /* NetworkUpload.swift */; };
		E38177B6C77275A608D111A2 /* Pods_Fundall_FundallUITests.framework in Frameworks */ = {isa = PBXBuildFile; fileRef = C5EEF19218DECD9AC194F4D8 /* Pods_Fundall_FundallUITests.framework */; };
		F591B2ABB4A9EE26DD365DF2 /* Pods_Fundall.framework in Frameworks */ = {isa = PBXBuildFile; fileRef = FAB5005561E5FCD0266C53B9 /* Pods_Fundall.framework */; };
/* End PBXBuildFile section */

/* Begin PBXContainerItemProxy section */
		B44DF35A2626DEC800851950 /* PBXContainerItemProxy */ = {
			isa = PBXContainerItemProxy;
			containerPortal = B44DF3382626DEC500851950 /* Project object */;
			proxyType = 1;
			remoteGlobalIDString = B44DF33F2626DEC500851950;
			remoteInfo = Fundall;
		};
		B44DF3652626DEC800851950 /* PBXContainerItemProxy */ = {
			isa = PBXContainerItemProxy;
			containerPortal = B44DF3382626DEC500851950 /* Project object */;
			proxyType = 1;
			remoteGlobalIDString = B44DF33F2626DEC500851950;
			remoteInfo = Fundall;
		};
/* End PBXContainerItemProxy section */

/* Begin PBXFileReference section */
		2144B212EA198E06E757F4BD /* Pods-Fundall.debug.xcconfig */ = {isa = PBXFileReference; includeInIndex = 1; lastKnownFileType = text.xcconfig; name = "Pods-Fundall.debug.xcconfig"; path = "Target Support Files/Pods-Fundall/Pods-Fundall.debug.xcconfig"; sourceTree = "<group>"; };
		27119E0D083EF791265A2BB8 /* Pods_FundallTests.framework */ = {isa = PBXFileReference; explicitFileType = wrapper.framework; includeInIndex = 0; path = Pods_FundallTests.framework; sourceTree = BUILT_PRODUCTS_DIR; };
		44AFB96CDEAA1184B541999C /* Pods-Fundall.release.xcconfig */ = {isa = PBXFileReference; includeInIndex = 1; lastKnownFileType = text.xcconfig; name = "Pods-Fundall.release.xcconfig"; path = "Target Support Files/Pods-Fundall/Pods-Fundall.release.xcconfig"; sourceTree = "<group>"; };
		78D559F406A7B25B862909A4 /* Pods-FundallTests.release.xcconfig */ = {isa = PBXFileReference; includeInIndex = 1; lastKnownFileType = text.xcconfig; name = "Pods-FundallTests.release.xcconfig"; path = "Target Support Files/Pods-FundallTests/Pods-FundallTests.release.xcconfig"; sourceTree = "<group>"; };
		7E084A8D185D13F127D9D2DB /* Pods-Fundall-FundallUITests.debug.xcconfig */ = {isa = PBXFileReference; includeInIndex = 1; lastKnownFileType = text.xcconfig; name = "Pods-Fundall-FundallUITests.debug.xcconfig"; path = "Target Support Files/Pods-Fundall-FundallUITests/Pods-Fundall-FundallUITests.debug.xcconfig"; sourceTree = "<group>"; };
		8AE068074660386653C4740E /* Pods-Fundall-FundallUITests.release.xcconfig */ = {isa = PBXFileReference; includeInIndex = 1; lastKnownFileType = text.xcconfig; name = "Pods-Fundall-FundallUITests.release.xcconfig"; path = "Target Support Files/Pods-Fundall-FundallUITests/Pods-Fundall-FundallUITests.release.xcconfig"; sourceTree = "<group>"; };
		B44DF3402626DEC500851950 /* Fundall.app */ = {isa = PBXFileReference; explicitFileType = wrapper.application; includeInIndex = 0; path = Fundall.app; sourceTree = BUILT_PRODUCTS_DIR; };
		B44DF3432626DEC500851950 /* AppDelegate.swift */ = {isa = PBXFileReference; lastKnownFileType = sourcecode.swift; path = AppDelegate.swift; sourceTree = "<group>"; };
		B44DF3452626DEC500851950 /* SceneDelegate.swift */ = {isa = PBXFileReference; lastKnownFileType = sourcecode.swift; path = SceneDelegate.swift; sourceTree = "<group>"; };
		B44DF34A2626DEC500851950 /* Base */ = {isa = PBXFileReference; lastKnownFileType = file.storyboard; name = Base; path = Base.lproj/Main.storyboard; sourceTree = "<group>"; };
		B44DF34D2626DEC500851950 /* Fundall.xcdatamodel */ = {isa = PBXFileReference; lastKnownFileType = wrapper.xcdatamodel; path = Fundall.xcdatamodel; sourceTree = "<group>"; };
		B44DF34F2626DEC700851950 /* Assets.xcassets */ = {isa = PBXFileReference; lastKnownFileType = folder.assetcatalog; path = Assets.xcassets; sourceTree = "<group>"; };
		B44DF3522626DEC800851950 /* Base */ = {isa = PBXFileReference; lastKnownFileType = file.storyboard; name = Base; path = Base.lproj/LaunchScreen.storyboard; sourceTree = "<group>"; };
		B44DF3542626DEC800851950 /* Info.plist */ = {isa = PBXFileReference; lastKnownFileType = text.plist.xml; path = Info.plist; sourceTree = "<group>"; };
		B44DF3592626DEC800851950 /* FundallTests.xctest */ = {isa = PBXFileReference; explicitFileType = wrapper.cfbundle; includeInIndex = 0; path = FundallTests.xctest; sourceTree = BUILT_PRODUCTS_DIR; };
		B44DF35D2626DEC800851950 /* FundallTests.swift */ = {isa = PBXFileReference; lastKnownFileType = sourcecode.swift; path = FundallTests.swift; sourceTree = "<group>"; };
		B44DF35F2626DEC800851950 /* Info.plist */ = {isa = PBXFileReference; lastKnownFileType = text.plist.xml; path = Info.plist; sourceTree = "<group>"; };
		B44DF3642626DEC800851950 /* FundallUITests.xctest */ = {isa = PBXFileReference; explicitFileType = wrapper.cfbundle; includeInIndex = 0; path = FundallUITests.xctest; sourceTree = BUILT_PRODUCTS_DIR; };
		B44DF3682626DEC800851950 /* FundallUITests.swift */ = {isa = PBXFileReference; lastKnownFileType = sourcecode.swift; path = FundallUITests.swift; sourceTree = "<group>"; };
		B44DF36A2626DEC800851950 /* Info.plist */ = {isa = PBXFileReference; lastKnownFileType = text.plist.xml; path = Info.plist; sourceTree = "<group>"; };
		B44DF3792627482C00851950 /* SignUpViewController.swift */ = {isa = PBXFileReference; lastKnownFileType = sourcecode.swift; path = SignUpViewController.swift; sourceTree = "<group>"; };
		B44DF37E2627489D00851950 /* LoginViewController.swift */ = {isa = PBXFileReference; lastKnownFileType = sourcecode.swift; path = LoginViewController.swift; sourceTree = "<group>"; };
		B44DF3912627505100851950 /* Extensions.swift */ = {isa = PBXFileReference; lastKnownFileType = sourcecode.swift; path = Extensions.swift; sourceTree = "<group>"; };
		B44DF3992627557400851950 /* Constants.swift */ = {isa = PBXFileReference; lastKnownFileType = sourcecode.swift; path = Constants.swift; sourceTree = "<group>"; };
		B44DF39F26275F5000851950 /* PasswordViewController.swift */ = {isa = PBXFileReference; lastKnownFileType = sourcecode.swift; path = PasswordViewController.swift; sourceTree = "<group>"; };
		B44DF3FD262841EC00851950 /* FundallProgress.swift */ = {isa = PBXFileReference; lastKnownFileType = sourcecode.swift; path = FundallProgress.swift; sourceTree = "<group>"; };
		B44DF4022628435000851950 /* FundallHomeTableViewCell.swift */ = {isa = PBXFileReference; lastKnownFileType = sourcecode.swift; path = FundallHomeTableViewCell.swift; sourceTree = "<group>"; };
		B44DF4072628554D00851950 /* HomeViewController.swift */ = {isa = PBXFileReference; lastKnownFileType = sourcecode.swift; path = HomeViewController.swift; sourceTree = "<group>"; };
		B44DF40C2628BC9B00851950 /* FundallCardCollectionViewCell.swift */ = {isa = PBXFileReference; lastKnownFileType = sourcecode.swift; path = FundallCardCollectionViewCell.swift; sourceTree = "<group>"; };
		B44DF4112628BDCF00851950 /* FundallCardTableViewCell.swift */ = {isa = PBXFileReference; lastKnownFileType = sourcecode.swift; path = FundallCardTableViewCell.swift; sourceTree = "<group>"; };
		B44DF4162628CA2C00851950 /* CardViewController.swift */ = {isa = PBXFileReference; lastKnownFileType = sourcecode.swift; path = CardViewController.swift; sourceTree = "<group>"; };
		B44DF424262990E700851950 /* AnalyticViewController.swift */ = {isa = PBXFileReference; lastKnownFileType = sourcecode.swift; path = AnalyticViewController.swift; sourceTree = "<group>"; };
		B44DF4292629986D00851950 /* AnalyticsTableViewCell.swift */ = {isa = PBXFileReference; lastKnownFileType = sourcecode.swift; path = AnalyticsTableViewCell.swift; sourceTree = "<group>"; };
		B44DF42E2629988800851950 /* AnalyticsCollectionViewCell.swift */ = {isa = PBXFileReference; lastKnownFileType = sourcecode.swift; path = AnalyticsCollectionViewCell.swift; sourceTree = "<group>"; };
		B44DF4352629A34500851950 /* NetworkConstants.swift */ = {isa = PBXFileReference; lastKnownFileType = sourcecode.swift; path = NetworkConstants.swift; sourceTree = "<group>"; };
		B44DF43D2629A51B00851950 /* RegisterResponse.swift */ = {isa = PBXFileReference; lastKnownFileType = sourcecode.swift; path = RegisterResponse.swift; sourceTree = "<group>"; };
		B44DF4422629A57500851950 /* LoginResponse.swift */ = {isa = PBXFileReference; lastKnownFileType = sourcecode.swift; path = LoginResponse.swift; sourceTree = "<group>"; };
		B44DF4472629A61C00851950 /* ProfileResponse.swift */ = {isa = PBXFileReference; lastKnownFileType = sourcecode.swift; path = ProfileResponse.swift; sourceTree = "<group>"; };
		B44DF4542629A6C800851950 /* AvatarResponse.swift */ = {isa = PBXFileReference; lastKnownFileType = sourcecode.swift; path = AvatarResponse.swift; sourceTree = "<group>"; };
		B44DF4592629A71000851950 /* ApiError.swift */ = {isa = PBXFileReference; lastKnownFileType = sourcecode.swift; path = ApiError.swift; sourceTree = "<group>"; };
		B44DF45E2629A77100851950 /* ApiRouter.swift */ = {isa = PBXFileReference; lastKnownFileType = sourcecode.swift; path = ApiRouter.swift; sourceTree = "<group>"; };
		B44DF4712629AC8F00851950 /* ApiClient.swift */ = {isa = PBXFileReference; lastKnownFileType = sourcecode.swift; path = ApiClient.swift; sourceTree = "<group>"; };
		B44DF4772629B0E500851950 /* Util.swift */ = {isa = PBXFileReference; lastKnownFileType = sourcecode.swift; path = Util.swift; sourceTree = "<group>"; };
		B44DF47F2629B3C500851950 /* FundView.swift */ = {isa = PBXFileReference; lastKnownFileType = sourcecode.swift; path = FundView.swift; sourceTree = "<group>"; };
		B44DF4842629B47900851950 /* SoftError.swift */ = {isa = PBXFileReference; lastKnownFileType = sourcecode.swift; path = SoftError.swift; sourceTree = "<group>"; };
		B44DF4892629CB6E00851950 /* NetworkUpload.swift */ = {isa = PBXFileReference; lastKnownFileType = sourcecode.swift; path = NetworkUpload.swift; sourceTree = "<group>"; };
		C5EEF19218DECD9AC194F4D8 /* Pods_Fundall_FundallUITests.framework */ = {isa = PBXFileReference; explicitFileType = wrapper.framework; includeInIndex = 0; path = Pods_Fundall_FundallUITests.framework; sourceTree = BUILT_PRODUCTS_DIR; };
		D6AD88C4818BA4F4D73104DD /* Pods-FundallTests.debug.xcconfig */ = {isa = PBXFileReference; includeInIndex = 1; lastKnownFileType = text.xcconfig; name = "Pods-FundallTests.debug.xcconfig"; path = "Target Support Files/Pods-FundallTests/Pods-FundallTests.debug.xcconfig"; sourceTree = "<group>"; };
		FAB5005561E5FCD0266C53B9 /* Pods_Fundall.framework */ = {isa = PBXFileReference; explicitFileType = wrapper.framework; includeInIndex = 0; path = Pods_Fundall.framework; sourceTree = BUILT_PRODUCTS_DIR; };
/* End PBXFileReference section */

/* Begin PBXFrameworksBuildPhase section */
		B44DF33D2626DEC500851950 /* Frameworks */ = {
			isa = PBXFrameworksBuildPhase;
			buildActionMask = 2147483647;
			files = (
				F591B2ABB4A9EE26DD365DF2 /* Pods_Fundall.framework in Frameworks */,
			);
			runOnlyForDeploymentPostprocessing = 0;
		};
		B44DF3562626DEC800851950 /* Frameworks */ = {
			isa = PBXFrameworksBuildPhase;
			buildActionMask = 2147483647;
			files = (
				1FDE9604C2322D8892BB09FE /* Pods_FundallTests.framework in Frameworks */,
			);
			runOnlyForDeploymentPostprocessing = 0;
		};
		B44DF3612626DEC800851950 /* Frameworks */ = {
			isa = PBXFrameworksBuildPhase;
			buildActionMask = 2147483647;
			files = (
				E38177B6C77275A608D111A2 /* Pods_Fundall_FundallUITests.framework in Frameworks */,
			);
			runOnlyForDeploymentPostprocessing = 0;
		};
/* End PBXFrameworksBuildPhase section */

/* Begin PBXGroup section */
		1D86FDFD549E15DA3A223A41 /* Pods */ = {
			isa = PBXGroup;
			children = (
				2144B212EA198E06E757F4BD /* Pods-Fundall.debug.xcconfig */,
				44AFB96CDEAA1184B541999C /* Pods-Fundall.release.xcconfig */,
				7E084A8D185D13F127D9D2DB /* Pods-Fundall-FundallUITests.debug.xcconfig */,
				8AE068074660386653C4740E /* Pods-Fundall-FundallUITests.release.xcconfig */,
				D6AD88C4818BA4F4D73104DD /* Pods-FundallTests.debug.xcconfig */,
				78D559F406A7B25B862909A4 /* Pods-FundallTests.release.xcconfig */,
			);
			path = Pods;
			sourceTree = "<group>";
		};
		B44DF3372626DEC500851950 = {
			isa = PBXGroup;
			children = (
				B44DF3422626DEC500851950 /* Fundall */,
				B44DF35C2626DEC800851950 /* FundallTests */,
				B44DF3672626DEC800851950 /* FundallUITests */,
				B44DF3412626DEC500851950 /* Products */,
				1D86FDFD549E15DA3A223A41 /* Pods */,
				FEC43C48448EC1F81ED748B6 /* Frameworks */,
			);
			sourceTree = "<group>";
		};
		B44DF3412626DEC500851950 /* Products */ = {
			isa = PBXGroup;
			children = (
				B44DF3402626DEC500851950 /* Fundall.app */,
				B44DF3592626DEC800851950 /* FundallTests.xctest */,
				B44DF3642626DEC800851950 /* FundallUITests.xctest */,
			);
			name = Products;
			sourceTree = "<group>";
		};
		B44DF3422626DEC500851950 /* Fundall */ = {
			isa = PBXGroup;
			children = (
				B44DF4762629B0D300851950 /* Util */,
				B44DF4332629A2C000851950 /* Network */,
				B44DF3FC262841D200851950 /* views */,
				B44DF39E26275F3400851950 /* Auth */,
				B44DF3902627503900851950 /* Extensions */,
				B44DF3432626DEC500851950 /* AppDelegate.swift */,
				B44DF3452626DEC500851950 /* SceneDelegate.swift */,
				B44DF3492626DEC500851950 /* Main.storyboard */,
				B44DF34F2626DEC700851950 /* Assets.xcassets */,
				B44DF3512626DEC800851950 /* LaunchScreen.storyboard */,
				B44DF3542626DEC800851950 /* Info.plist */,
				B44DF34C2626DEC500851950 /* Fundall.xcdatamodeld */,
				B44DF4072628554D00851950 /* HomeViewController.swift */,
				B44DF4162628CA2C00851950 /* CardViewController.swift */,
				B44DF424262990E700851950 /* AnalyticViewController.swift */,
			);
			path = Fundall;
			sourceTree = "<group>";
		};
		B44DF35C2626DEC800851950 /* FundallTests */ = {
			isa = PBXGroup;
			children = (
				B44DF35D2626DEC800851950 /* FundallTests.swift */,
				B44DF35F2626DEC800851950 /* Info.plist */,
			);
			path = FundallTests;
			sourceTree = "<group>";
		};
		B44DF3672626DEC800851950 /* FundallUITests */ = {
			isa = PBXGroup;
			children = (
				B44DF3682626DEC800851950 /* FundallUITests.swift */,
				B44DF36A2626DEC800851950 /* Info.plist */,
			);
			path = FundallUITests;
			sourceTree = "<group>";
		};
		B44DF3902627503900851950 /* Extensions */ = {
			isa = PBXGroup;
			children = (
				B44DF3912627505100851950 /* Extensions.swift */,
				B44DF3992627557400851950 /* Constants.swift */,
			);
			path = Extensions;
			sourceTree = "<group>";
		};
		B44DF39E26275F3400851950 /* Auth */ = {
			isa = PBXGroup;
			children = (
				B44DF37E2627489D00851950 /* LoginViewController.swift */,
				B44DF3792627482C00851950 /* SignUpViewController.swift */,
				B44DF39F26275F5000851950 /* PasswordViewController.swift */,
			);
			path = Auth;
			sourceTree = "<group>";
		};
		B44DF3FC262841D200851950 /* views */ = {
			isa = PBXGroup;
			children = (
				B44DF3FD262841EC00851950 /* FundallProgress.swift */,
				B44DF4022628435000851950 /* FundallHomeTableViewCell.swift */,
				B44DF40C2628BC9B00851950 /* FundallCardCollectionViewCell.swift */,
				B44DF4112628BDCF00851950 /* FundallCardTableViewCell.swift */,
				B44DF4292629986D00851950 /* AnalyticsTableViewCell.swift */,
				B44DF42E2629988800851950 /* AnalyticsCollectionViewCell.swift */,
				B44DF47F2629B3C500851950 /* FundView.swift */,
				B44DF4842629B47900851950 /* SoftError.swift */,
			);
			path = views;
			sourceTree = "<group>";
		};
		B44DF4332629A2C000851950 /* Network */ = {
			isa = PBXGroup;
			children = (
				B44DF4342629A30400851950 /* Model */,
				B44DF4352629A34500851950 /* NetworkConstants.swift */,
				B44DF4592629A71000851950 /* ApiError.swift */,
				B44DF45E2629A77100851950 /* ApiRouter.swift */,
				B44DF4712629AC8F00851950 /* ApiClient.swift */,
				B44DF4892629CB6E00851950 /* NetworkUpload.swift */,
			);
			path = Network;
			sourceTree = "<group>";
		};
		B44DF4342629A30400851950 /* Model */ = {
			isa = PBXGroup;
			children = (
				B44DF43D2629A51B00851950 /* RegisterResponse.swift */,
				B44DF4472629A61C00851950 /* ProfileResponse.swift */,
				B44DF4422629A57500851950 /* LoginResponse.swift */,
				B44DF4542629A6C800851950 /* AvatarResponse.swift */,
			);
			path = Model;
			sourceTree = "<group>";
		};
		B44DF4762629B0D300851950 /* Util */ = {
			isa = PBXGroup;
			children = (
				B44DF4772629B0E500851950 /* Util.swift */,
			);
			path = Util;
			sourceTree = "<group>";
		};
		FEC43C48448EC1F81ED748B6 /* Frameworks */ = {
			isa = PBXGroup;
			children = (
				FAB5005561E5FCD0266C53B9 /* Pods_Fundall.framework */,
				C5EEF19218DECD9AC194F4D8 /* Pods_Fundall_FundallUITests.framework */,
				27119E0D083EF791265A2BB8 /* Pods_FundallTests.framework */,
			);
			name = Frameworks;
			sourceTree = "<group>";
		};
/* End PBXGroup section */

/* Begin PBXNativeTarget section */
		B44DF33F2626DEC500851950 /* Fundall */ = {
			isa = PBXNativeTarget;
			buildConfigurationList = B44DF36D2626DEC800851950 /* Build configuration list for PBXNativeTarget "Fundall" */;
			buildPhases = (
				018607809B7CA26BFB58410C /* [CP] Check Pods Manifest.lock */,
				B44DF33C2626DEC500851950 /* Sources */,
				B44DF33D2626DEC500851950 /* Frameworks */,
				B44DF33E2626DEC500851950 /* Resources */,
				1008940A21C730C7BA2DA173 /* [CP] Embed Pods Frameworks */,
			);
			buildRules = (
			);
			dependencies = (
			);
			name = Fundall;
			productName = Fundall;
			productReference = B44DF3402626DEC500851950 /* Fundall.app */;
			productType = "com.apple.product-type.application";
		};
		B44DF3582626DEC800851950 /* FundallTests */ = {
			isa = PBXNativeTarget;
			buildConfigurationList = B44DF3702626DEC800851950 /* Build configuration list for PBXNativeTarget "FundallTests" */;
			buildPhases = (
				7FB9084A1B899BE0AD8941E6 /* [CP] Check Pods Manifest.lock */,
				B44DF3552626DEC800851950 /* Sources */,
				B44DF3562626DEC800851950 /* Frameworks */,
				B44DF3572626DEC800851950 /* Resources */,
			);
			buildRules = (
			);
			dependencies = (
				B44DF35B2626DEC800851950 /* PBXTargetDependency */,
			);
			name = FundallTests;
			productName = FundallTests;
			productReference = B44DF3592626DEC800851950 /* FundallTests.xctest */;
			productType = "com.apple.product-type.bundle.unit-test";
		};
		B44DF3632626DEC800851950 /* FundallUITests */ = {
			isa = PBXNativeTarget;
			buildConfigurationList = B44DF3732626DEC800851950 /* Build configuration list for PBXNativeTarget "FundallUITests" */;
			buildPhases = (
				7A0215A57B98E497DF7692A5 /* [CP] Check Pods Manifest.lock */,
				B44DF3602626DEC800851950 /* Sources */,
				B44DF3612626DEC800851950 /* Frameworks */,
				B44DF3622626DEC800851950 /* Resources */,
				D648863FBFDEF44E9CD87B03 /* [CP] Embed Pods Frameworks */,
			);
			buildRules = (
			);
			dependencies = (
				B44DF3662626DEC800851950 /* PBXTargetDependency */,
			);
			name = FundallUITests;
			productName = FundallUITests;
			productReference = B44DF3642626DEC800851950 /* FundallUITests.xctest */;
			productType = "com.apple.product-type.bundle.ui-testing";
		};
/* End PBXNativeTarget section */

/* Begin PBXProject section */
		B44DF3382626DEC500851950 /* Project object */ = {
			isa = PBXProject;
			attributes = {
				LastSwiftUpdateCheck = 1240;
				LastUpgradeCheck = 1240;
				TargetAttributes = {
					B44DF33F2626DEC500851950 = {
						CreatedOnToolsVersion = 12.4;
					};
					B44DF3582626DEC800851950 = {
						CreatedOnToolsVersion = 12.4;
						TestTargetID = B44DF33F2626DEC500851950;
					};
					B44DF3632626DEC800851950 = {
						CreatedOnToolsVersion = 12.4;
						TestTargetID = B44DF33F2626DEC500851950;
					};
				};
			};
			buildConfigurationList = B44DF33B2626DEC500851950 /* Build configuration list for PBXProject "Fundall" */;
			compatibilityVersion = "Xcode 9.3";
			developmentRegion = en;
			hasScannedForEncodings = 0;
			knownRegions = (
				en,
				Base,
			);
			mainGroup = B44DF3372626DEC500851950;
			productRefGroup = B44DF3412626DEC500851950 /* Products */;
			projectDirPath = "";
			projectRoot = "";
			targets = (
				B44DF33F2626DEC500851950 /* Fundall */,
				B44DF3582626DEC800851950 /* FundallTests */,
				B44DF3632626DEC800851950 /* FundallUITests */,
			);
		};
/* End PBXProject section */

/* Begin PBXResourcesBuildPhase section */
		B44DF33E2626DEC500851950 /* Resources */ = {
			isa = PBXResourcesBuildPhase;
			buildActionMask = 2147483647;
			files = (
				B44DF3532626DEC800851950 /* LaunchScreen.storyboard in Resources */,
				B44DF3502626DEC700851950 /* Assets.xcassets in Resources */,
				B44DF34B2626DEC500851950 /* Main.storyboard in Resources */,
			);
			runOnlyForDeploymentPostprocessing = 0;
		};
		B44DF3572626DEC800851950 /* Resources */ = {
			isa = PBXResourcesBuildPhase;
			buildActionMask = 2147483647;
			files = (
			);
			runOnlyForDeploymentPostprocessing = 0;
		};
		B44DF3622626DEC800851950 /* Resources */ = {
			isa = PBXResourcesBuildPhase;
			buildActionMask = 2147483647;
			files = (
			);
			runOnlyForDeploymentPostprocessing = 0;
		};
/* End PBXResourcesBuildPhase section */

/* Begin PBXShellScriptBuildPhase section */
		018607809B7CA26BFB58410C /* [CP] Check Pods Manifest.lock */ = {
			isa = PBXShellScriptBuildPhase;
			buildActionMask = 2147483647;
			files = (
			);
			inputFileListPaths = (
			);
			inputPaths = (
				"${PODS_PODFILE_DIR_PATH}/Podfile.lock",
				"${PODS_ROOT}/Manifest.lock",
			);
			name = "[CP] Check Pods Manifest.lock";
			outputFileListPaths = (
			);
			outputPaths = (
				"$(DERIVED_FILE_DIR)/Pods-Fundall-checkManifestLockResult.txt",
			);
			runOnlyForDeploymentPostprocessing = 0;
			shellPath = /bin/sh;
			shellScript = "diff \"${PODS_PODFILE_DIR_PATH}/Podfile.lock\" \"${PODS_ROOT}/Manifest.lock\" > /dev/null\nif [ $? != 0 ] ; then\n    # print error to STDERR\n    echo \"error: The sandbox is not in sync with the Podfile.lock. Run 'pod install' or update your CocoaPods installation.\" >&2\n    exit 1\nfi\n# This output is used by Xcode 'outputs' to avoid re-running this script phase.\necho \"SUCCESS\" > \"${SCRIPT_OUTPUT_FILE_0}\"\n";
			showEnvVarsInLog = 0;
		};
		1008940A21C730C7BA2DA173 /* [CP] Embed Pods Frameworks */ = {
			isa = PBXShellScriptBuildPhase;
			buildActionMask = 2147483647;
			files = (
			);
			inputFileListPaths = (
				"${PODS_ROOT}/Target Support Files/Pods-Fundall/Pods-Fundall-frameworks-${CONFIGURATION}-input-files.xcfilelist",
			);
			name = "[CP] Embed Pods Frameworks";
			outputFileListPaths = (
				"${PODS_ROOT}/Target Support Files/Pods-Fundall/Pods-Fundall-frameworks-${CONFIGURATION}-output-files.xcfilelist",
			);
			runOnlyForDeploymentPostprocessing = 0;
			shellPath = /bin/sh;
			shellScript = "\"${PODS_ROOT}/Target Support Files/Pods-Fundall/Pods-Fundall-frameworks.sh\"\n";
			showEnvVarsInLog = 0;
		};
		7A0215A57B98E497DF7692A5 /* [CP] Check Pods Manifest.lock */ = {
			isa = PBXShellScriptBuildPhase;
			buildActionMask = 2147483647;
			files = (
			);
			inputFileListPaths = (
			);
			inputPaths = (
				"${PODS_PODFILE_DIR_PATH}/Podfile.lock",
				"${PODS_ROOT}/Manifest.lock",
			);
			name = "[CP] Check Pods Manifest.lock";
			outputFileListPaths = (
			);
			outputPaths = (
				"$(DERIVED_FILE_DIR)/Pods-Fundall-FundallUITests-checkManifestLockResult.txt",
			);
			runOnlyForDeploymentPostprocessing = 0;
			shellPath = /bin/sh;
			shellScript = "diff \"${PODS_PODFILE_DIR_PATH}/Podfile.lock\" \"${PODS_ROOT}/Manifest.lock\" > /dev/null\nif [ $? != 0 ] ; then\n    # print error to STDERR\n    echo \"error: The sandbox is not in sync with the Podfile.lock. Run 'pod install' or update your CocoaPods installation.\" >&2\n    exit 1\nfi\n# This output is used by Xcode 'outputs' to avoid re-running this script phase.\necho \"SUCCESS\" > \"${SCRIPT_OUTPUT_FILE_0}\"\n";
			showEnvVarsInLog = 0;
		};
		7FB9084A1B899BE0AD8941E6 /* [CP] Check Pods Manifest.lock */ = {
			isa = PBXShellScriptBuildPhase;
			buildActionMask = 2147483647;
			files = (
			);
			inputFileListPaths = (
			);
			inputPaths = (
				"${PODS_PODFILE_DIR_PATH}/Podfile.lock",
				"${PODS_ROOT}/Manifest.lock",
			);
			name = "[CP] Check Pods Manifest.lock";
			outputFileListPaths = (
			);
			outputPaths = (
				"$(DERIVED_FILE_DIR)/Pods-FundallTests-checkManifestLockResult.txt",
			);
			runOnlyForDeploymentPostprocessing = 0;
			shellPath = /bin/sh;
			shellScript = "diff \"${PODS_PODFILE_DIR_PATH}/Podfile.lock\" \"${PODS_ROOT}/Manifest.lock\" > /dev/null\nif [ $? != 0 ] ; then\n    # print error to STDERR\n    echo \"error: The sandbox is not in sync with the Podfile.lock. Run 'pod install' or update your CocoaPods installation.\" >&2\n    exit 1\nfi\n# This output is used by Xcode 'outputs' to avoid re-running this script phase.\necho \"SUCCESS\" > \"${SCRIPT_OUTPUT_FILE_0}\"\n";
			showEnvVarsInLog = 0;
		};
		D648863FBFDEF44E9CD87B03 /* [CP] Embed Pods Frameworks */ = {
			isa = PBXShellScriptBuildPhase;
			buildActionMask = 2147483647;
			files = (
			);
			inputFileListPaths = (
				"${PODS_ROOT}/Target Support Files/Pods-Fundall-FundallUITests/Pods-Fundall-FundallUITests-frameworks-${CONFIGURATION}-input-files.xcfilelist",
			);
			name = "[CP] Embed Pods Frameworks";
			outputFileListPaths = (
				"${PODS_ROOT}/Target Support Files/Pods-Fundall-FundallUITests/Pods-Fundall-FundallUITests-frameworks-${CONFIGURATION}-output-files.xcfilelist",
			);
			runOnlyForDeploymentPostprocessing = 0;
			shellPath = /bin/sh;
			shellScript = "\"${PODS_ROOT}/Target Support Files/Pods-Fundall-FundallUITests/Pods-Fundall-FundallUITests-frameworks.sh\"\n";
			showEnvVarsInLog = 0;
		};
/* End PBXShellScriptBuildPhase section */

/* Begin PBXSourcesBuildPhase section */
		B44DF33C2626DEC500851950 /* Sources */ = {
			isa = PBXSourcesBuildPhase;
			buildActionMask = 2147483647;
			files = (
				B44DF4802629B3C500851950 /* FundView.swift in Sources */,
				B44DF4362629A34500851950 /* NetworkConstants.swift in Sources */,
				B44DF37F2627489D00851950 /* LoginViewController.swift in Sources */,
				B44DF40D2628BC9B00851950 /* FundallCardCollectionViewCell.swift in Sources */,
				B44DF42A2629986D00851950 /* AnalyticsTableViewCell.swift in Sources */,
				B44DF425262990E700851950 /* AnalyticViewController.swift in Sources */,
				B44DF45A2629A71000851950 /* ApiError.swift in Sources */,
				B44DF4032628435000851950 /* FundallHomeTableViewCell.swift in Sources */,
				B44DF4782629B0E500851950 /* Util.swift in Sources */,
				B44DF3A026275F5000851950 /* PasswordViewController.swift in Sources */,
				B44DF3922627505100851950 /* Extensions.swift in Sources */,
				B44DF4722629AC8F00851950 /* ApiClient.swift in Sources */,
				B44DF42F2629988800851950 /* AnalyticsCollectionViewCell.swift in Sources */,
				B44DF48A2629CB6E00851950 /* NetworkUpload.swift in Sources */,
				B44DF4122628BDCF00851950 /* FundallCardTableViewCell.swift in Sources */,
				B44DF3442626DEC500851950 /* AppDelegate.swift in Sources */,
				B44DF4482629A61C00851950 /* ProfileResponse.swift in Sources */,
				B44DF45F2629A77100851950 /* ApiRouter.swift in Sources */,
				B44DF34E2626DEC500851950 /* Fundall.xcdatamodeld in Sources */,
				B44DF4172628CA2C00851950 /* CardViewController.swift in Sources */,
				B44DF39A2627557400851950 /* Constants.swift in Sources */,
				B44DF4432629A57500851950 /* LoginResponse.swift in Sources */,
				B44DF4082628554D00851950 /* HomeViewController.swift in Sources */,
				B44DF4552629A6C800851950 /* AvatarResponse.swift in Sources */,
				B44DF3462626DEC500851950 /* SceneDelegate.swift in Sources */,
				B44DF4852629B47900851950 /* SoftError.swift in Sources */,
				B44DF3FE262841EC00851950 /* FundallProgress.swift in Sources */,
				B44DF37A2627482C00851950 /* SignUpViewController.swift in Sources */,
				B44DF43E2629A51B00851950 /* RegisterResponse.swift in Sources */,
			);
			runOnlyForDeploymentPostprocessing = 0;
		};
		B44DF3552626DEC800851950 /* Sources */ = {
			isa = PBXSourcesBuildPhase;
			buildActionMask = 2147483647;
			files = (
				B44DF35E2626DEC800851950 /* FundallTests.swift in Sources */,
			);
			runOnlyForDeploymentPostprocessing = 0;
		};
		B44DF3602626DEC800851950 /* Sources */ = {
			isa = PBXSourcesBuildPhase;
			buildActionMask = 2147483647;
			files = (
				B44DF3692626DEC800851950 /* FundallUITests.swift in Sources */,
			);
			runOnlyForDeploymentPostprocessing = 0;
		};
/* End PBXSourcesBuildPhase section */

/* Begin PBXTargetDependency section */
		B44DF35B2626DEC800851950 /* PBXTargetDependency */ = {
			isa = PBXTargetDependency;
			target = B44DF33F2626DEC500851950 /* Fundall */;
			targetProxy = B44DF35A2626DEC800851950 /* PBXContainerItemProxy */;
		};
		B44DF3662626DEC800851950 /* PBXTargetDependency */ = {
			isa = PBXTargetDependency;
			target = B44DF33F2626DEC500851950 /* Fundall */;
			targetProxy = B44DF3652626DEC800851950 /* PBXContainerItemProxy */;
		};
/* End PBXTargetDependency section */

/* Begin PBXVariantGroup section */
		B44DF3492626DEC500851950 /* Main.storyboard */ = {
			isa = PBXVariantGroup;
			children = (
				B44DF34A2626DEC500851950 /* Base */,
			);
			name = Main.storyboard;
			sourceTree = "<group>";
		};
		B44DF3512626DEC800851950 /* LaunchScreen.storyboard */ = {
			isa = PBXVariantGroup;
			children = (
				B44DF3522626DEC800851950 /* Base */,
			);
			name = LaunchScreen.storyboard;
			sourceTree = "<group>";
		};
/* End PBXVariantGroup section */

/* Begin XCBuildConfiguration section */
		B44DF36B2626DEC800851950 /* Debug */ = {
			isa = XCBuildConfiguration;
			buildSettings = {
				ALWAYS_SEARCH_USER_PATHS = NO;
				CLANG_ANALYZER_NONNULL = YES;
				CLANG_ANALYZER_NUMBER_OBJECT_CONVERSION = YES_AGGRESSIVE;
				CLANG_CXX_LANGUAGE_STANDARD = "gnu++14";
				CLANG_CXX_LIBRARY = "libc++";
				CLANG_ENABLE_MODULES = YES;
				CLANG_ENABLE_OBJC_ARC = YES;
				CLANG_ENABLE_OBJC_WEAK = YES;
				CLANG_WARN_BLOCK_CAPTURE_AUTORELEASING = YES;
				CLANG_WARN_BOOL_CONVERSION = YES;
				CLANG_WARN_COMMA = YES;
				CLANG_WARN_CONSTANT_CONVERSION = YES;
				CLANG_WARN_DEPRECATED_OBJC_IMPLEMENTATIONS = YES;
				CLANG_WARN_DIRECT_OBJC_ISA_USAGE = YES_ERROR;
				CLANG_WARN_DOCUMENTATION_COMMENTS = YES;
				CLANG_WARN_EMPTY_BODY = YES;
				CLANG_WARN_ENUM_CONVERSION = YES;
				CLANG_WARN_INFINITE_RECURSION = YES;
				CLANG_WARN_INT_CONVERSION = YES;
				CLANG_WARN_NON_LITERAL_NULL_CONVERSION = YES;
				CLANG_WARN_OBJC_IMPLICIT_RETAIN_SELF = YES;
				CLANG_WARN_OBJC_LITERAL_CONVERSION = YES;
				CLANG_WARN_OBJC_ROOT_CLASS = YES_ERROR;
				CLANG_WARN_QUOTED_INCLUDE_IN_FRAMEWORK_HEADER = YES;
				CLANG_WARN_RANGE_LOOP_ANALYSIS = YES;
				CLANG_WARN_STRICT_PROTOTYPES = YES;
				CLANG_WARN_SUSPICIOUS_MOVE = YES;
				CLANG_WARN_UNGUARDED_AVAILABILITY = YES_AGGRESSIVE;
				CLANG_WARN_UNREACHABLE_CODE = YES;
				CLANG_WARN__DUPLICATE_METHOD_MATCH = YES;
				COPY_PHASE_STRIP = NO;
				DEBUG_INFORMATION_FORMAT = dwarf;
				ENABLE_STRICT_OBJC_MSGSEND = YES;
				ENABLE_TESTABILITY = YES;
				GCC_C_LANGUAGE_STANDARD = gnu11;
				GCC_DYNAMIC_NO_PIC = NO;
				GCC_NO_COMMON_BLOCKS = YES;
				GCC_OPTIMIZATION_LEVEL = 0;
				GCC_PREPROCESSOR_DEFINITIONS = (
					"DEBUG=1",
					"$(inherited)",
				);
				GCC_WARN_64_TO_32_BIT_CONVERSION = YES;
				GCC_WARN_ABOUT_RETURN_TYPE = YES_ERROR;
				GCC_WARN_UNDECLARED_SELECTOR = YES;
				GCC_WARN_UNINITIALIZED_AUTOS = YES_AGGRESSIVE;
				GCC_WARN_UNUSED_FUNCTION = YES;
				GCC_WARN_UNUSED_VARIABLE = YES;
				IPHONEOS_DEPLOYMENT_TARGET = 14.4;
				MTL_ENABLE_DEBUG_INFO = INCLUDE_SOURCE;
				MTL_FAST_MATH = YES;
				ONLY_ACTIVE_ARCH = YES;
				SDKROOT = iphoneos;
				SWIFT_ACTIVE_COMPILATION_CONDITIONS = DEBUG;
				SWIFT_OPTIMIZATION_LEVEL = "-Onone";
			};
			name = Debug;
		};
		B44DF36C2626DEC800851950 /* Release */ = {
			isa = XCBuildConfiguration;
			buildSettings = {
				ALWAYS_SEARCH_USER_PATHS = NO;
				CLANG_ANALYZER_NONNULL = YES;
				CLANG_ANALYZER_NUMBER_OBJECT_CONVERSION = YES_AGGRESSIVE;
				CLANG_CXX_LANGUAGE_STANDARD = "gnu++14";
				CLANG_CXX_LIBRARY = "libc++";
				CLANG_ENABLE_MODULES = YES;
				CLANG_ENABLE_OBJC_ARC = YES;
				CLANG_ENABLE_OBJC_WEAK = YES;
				CLANG_WARN_BLOCK_CAPTURE_AUTORELEASING = YES;
				CLANG_WARN_BOOL_CONVERSION = YES;
				CLANG_WARN_COMMA = YES;
				CLANG_WARN_CONSTANT_CONVERSION = YES;
				CLANG_WARN_DEPRECATED_OBJC_IMPLEMENTATIONS = YES;
				CLANG_WARN_DIRECT_OBJC_ISA_USAGE = YES_ERROR;
				CLANG_WARN_DOCUMENTATION_COMMENTS = YES;
				CLANG_WARN_EMPTY_BODY = YES;
				CLANG_WARN_ENUM_CONVERSION = YES;
				CLANG_WARN_INFINITE_RECURSION = YES;
				CLANG_WARN_INT_CONVERSION = YES;
				CLANG_WARN_NON_LITERAL_NULL_CONVERSION = YES;
				CLANG_WARN_OBJC_IMPLICIT_RETAIN_SELF = YES;
				CLANG_WARN_OBJC_LITERAL_CONVERSION = YES;
				CLANG_WARN_OBJC_ROOT_CLASS = YES_ERROR;
				CLANG_WARN_QUOTED_INCLUDE_IN_FRAMEWORK_HEADER = YES;
				CLANG_WARN_RANGE_LOOP_ANALYSIS = YES;
				CLANG_WARN_STRICT_PROTOTYPES = YES;
				CLANG_WARN_SUSPICIOUS_MOVE = YES;
				CLANG_WARN_UNGUARDED_AVAILABILITY = YES_AGGRESSIVE;
				CLANG_WARN_UNREACHABLE_CODE = YES;
				CLANG_WARN__DUPLICATE_METHOD_MATCH = YES;
				COPY_PHASE_STRIP = NO;
				DEBUG_INFORMATION_FORMAT = "dwarf-with-dsym";
				ENABLE_NS_ASSERTIONS = NO;
				ENABLE_STRICT_OBJC_MSGSEND = YES;
				GCC_C_LANGUAGE_STANDARD = gnu11;
				GCC_NO_COMMON_BLOCKS = YES;
				GCC_WARN_64_TO_32_BIT_CONVERSION = YES;
				GCC_WARN_ABOUT_RETURN_TYPE = YES_ERROR;
				GCC_WARN_UNDECLARED_SELECTOR = YES;
				GCC_WARN_UNINITIALIZED_AUTOS = YES_AGGRESSIVE;
				GCC_WARN_UNUSED_FUNCTION = YES;
				GCC_WARN_UNUSED_VARIABLE = YES;
				IPHONEOS_DEPLOYMENT_TARGET = 14.4;
				MTL_ENABLE_DEBUG_INFO = NO;
				MTL_FAST_MATH = YES;
				SDKROOT = iphoneos;
				SWIFT_COMPILATION_MODE = wholemodule;
				SWIFT_OPTIMIZATION_LEVEL = "-O";
				VALIDATE_PRODUCT = YES;
			};
			name = Release;
		};
		B44DF36E2626DEC800851950 /* Debug */ = {
			isa = XCBuildConfiguration;
			baseConfigurationReference = 2144B212EA198E06E757F4BD /* Pods-Fundall.debug.xcconfig */;
			buildSettings = {
				ASSETCATALOG_COMPILER_APPICON_NAME = AppIcon;
				ASSETCATALOG_COMPILER_GLOBAL_ACCENT_COLOR_NAME = AccentColor;
				CODE_SIGN_STYLE = Automatic;
				DEVELOPMENT_TEAM = W2G3QF66D7;
				INFOPLIST_FILE = Fundall/Info.plist;
				LD_RUNPATH_SEARCH_PATHS = (
					"$(inherited)",
					"@executable_path/Frameworks",
				);
				PRODUCT_BUNDLE_IDENTIFIER = com.app.fundall.Fundall;
				PRODUCT_NAME = "$(TARGET_NAME)";
				SWIFT_VERSION = 5.0;
				TARGETED_DEVICE_FAMILY = "1,2";
			};
			name = Debug;
		};
		B44DF36F2626DEC800851950 /* Release */ = {
			isa = XCBuildConfiguration;
			baseConfigurationReference = 44AFB96CDEAA1184B541999C /* Pods-Fundall.release.xcconfig */;
			buildSettings = {
				ASSETCATALOG_COMPILER_APPICON_NAME = AppIcon;
				ASSETCATALOG_COMPILER_GLOBAL_ACCENT_COLOR_NAME = AccentColor;
				CODE_SIGN_STYLE = Automatic;
				DEVELOPMENT_TEAM = W2G3QF66D7;
				INFOPLIST_FILE = Fundall/Info.plist;
				LD_RUNPATH_SEARCH_PATHS = (
					"$(inherited)",
					"@executable_path/Frameworks",
				);
				PRODUCT_BUNDLE_IDENTIFIER = com.app.fundall.Fundall;
				PRODUCT_NAME = "$(TARGET_NAME)";
				SWIFT_VERSION = 5.0;
				TARGETED_DEVICE_FAMILY = "1,2";
			};
			name = Release;
		};
		B44DF3712626DEC800851950 /* Debug */ = {
			isa = XCBuildConfiguration;
			baseConfigurationReference = D6AD88C4818BA4F4D73104DD /* Pods-FundallTests.debug.xcconfig */;
			buildSettings = {
				ALWAYS_EMBED_SWIFT_STANDARD_LIBRARIES = YES;
				BUNDLE_LOADER = "$(TEST_HOST)";
				CODE_SIGN_STYLE = Automatic;
				DEVELOPMENT_TEAM = W2G3QF66D7;
				INFOPLIST_FILE = FundallTests/Info.plist;
				IPHONEOS_DEPLOYMENT_TARGET = 14.4;
				LD_RUNPATH_SEARCH_PATHS = (
					"$(inherited)",
					"@executable_path/Frameworks",
					"@loader_path/Frameworks",
				);
				PRODUCT_BUNDLE_IDENTIFIER = com.app.fundall.FundallTests;
				PRODUCT_NAME = "$(TARGET_NAME)";
				SWIFT_VERSION = 5.0;
				TARGETED_DEVICE_FAMILY = "1,2";
				TEST_HOST = "$(BUILT_PRODUCTS_DIR)/Fundall.app/Fundall";
			};
			name = Debug;
		};
		B44DF3722626DEC800851950 /* Release */ = {
			isa = XCBuildConfiguration;
			baseConfigurationReference = 78D559F406A7B25B862909A4 /* Pods-FundallTests.release.xcconfig */;
			buildSettings = {
				ALWAYS_EMBED_SWIFT_STANDARD_LIBRARIES = YES;
				BUNDLE_LOADER = "$(TEST_HOST)";
				CODE_SIGN_STYLE = Automatic;
				DEVELOPMENT_TEAM = W2G3QF66D7;
				INFOPLIST_FILE = FundallTests/Info.plist;
				IPHONEOS_DEPLOYMENT_TARGET = 14.4;
				LD_RUNPATH_SEARCH_PATHS = (
					"$(inherited)",
					"@executable_path/Frameworks",
					"@loader_path/Frameworks",
				);
				PRODUCT_BUNDLE_IDENTIFIER = com.app.fundall.FundallTests;
				PRODUCT_NAME = "$(TARGET_NAME)";
				SWIFT_VERSION = 5.0;
				TARGETED_DEVICE_FAMILY = "1,2";
				TEST_HOST = "$(BUILT_PRODUCTS_DIR)/Fundall.app/Fundall";
			};
			name = Release;
		};
		B44DF3742626DEC800851950 /* Debug */ = {
			isa = XCBuildConfiguration;
			baseConfigurationReference = 7E084A8D185D13F127D9D2DB /* Pods-Fundall-FundallUITests.debug.xcconfig */;
			buildSettings = {
				ALWAYS_EMBED_SWIFT_STANDARD_LIBRARIES = YES;
				CODE_SIGN_STYLE = Automatic;
				DEVELOPMENT_TEAM = W2G3QF66D7;
				INFOPLIST_FILE = FundallUITests/Info.plist;
				LD_RUNPATH_SEARCH_PATHS = (
					"$(inherited)",
					"@executable_path/Frameworks",
					"@loader_path/Frameworks",
				);
				PRODUCT_BUNDLE_IDENTIFIER = com.app.fundall.FundallUITests;
				PRODUCT_NAME = "$(TARGET_NAME)";
				SWIFT_VERSION = 5.0;
				TARGETED_DEVICE_FAMILY = "1,2";
				TEST_TARGET_NAME = Fundall;
			};
			name = Debug;
		};
		B44DF3752626DEC800851950 /* Release */ = {
			isa = XCBuildConfiguration;
			baseConfigurationReference = 8AE068074660386653C4740E /* Pods-Fundall-FundallUITests.release.xcconfig */;
			buildSettings = {
				ALWAYS_EMBED_SWIFT_STANDARD_LIBRARIES = YES;
				CODE_SIGN_STYLE = Automatic;
				DEVELOPMENT_TEAM = W2G3QF66D7;
				INFOPLIST_FILE = FundallUITests/Info.plist;
				LD_RUNPATH_SEARCH_PATHS = (
					"$(inherited)",
					"@executable_path/Frameworks",
					"@loader_path/Frameworks",
				);
				PRODUCT_BUNDLE_IDENTIFIER = com.app.fundall.FundallUITests;
				PRODUCT_NAME = "$(TARGET_NAME)";
				SWIFT_VERSION = 5.0;
				TARGETED_DEVICE_FAMILY = "1,2";
				TEST_TARGET_NAME = Fundall;
			};
			name = Release;
		};
/* End XCBuildConfiguration section */

/* Begin XCConfigurationList section */
		B44DF33B2626DEC500851950 /* Build configuration list for PBXProject "Fundall" */ = {
			isa = XCConfigurationList;
			buildConfigurations = (
				B44DF36B2626DEC800851950 /* Debug */,
				B44DF36C2626DEC800851950 /* Release */,
			);
			defaultConfigurationIsVisible = 0;
			defaultConfigurationName = Release;
		};
		B44DF36D2626DEC800851950 /* Build configuration list for PBXNativeTarget "Fundall" */ = {
			isa = XCConfigurationList;
			buildConfigurations = (
				B44DF36E2626DEC800851950 /* Debug */,
				B44DF36F2626DEC800851950 /* Release */,
			);
			defaultConfigurationIsVisible = 0;
			defaultConfigurationName = Release;
		};
		B44DF3702626DEC800851950 /* Build configuration list for PBXNativeTarget "FundallTests" */ = {
			isa = XCConfigurationList;
			buildConfigurations = (
				B44DF3712626DEC800851950 /* Debug */,
				B44DF3722626DEC800851950 /* Release */,
			);
			defaultConfigurationIsVisible = 0;
			defaultConfigurationName = Release;
		};
		B44DF3732626DEC800851950 /* Build configuration list for PBXNativeTarget "FundallUITests" */ = {
			isa = XCConfigurationList;
			buildConfigurations = (
				B44DF3742626DEC800851950 /* Debug */,
				B44DF3752626DEC800851950 /* Release */,
			);
			defaultConfigurationIsVisible = 0;
			defaultConfigurationName = Release;
		};
/* End XCConfigurationList section */

/* Begin XCVersionGroup section */
		B44DF34C2626DEC500851950 /* Fundall.xcdatamodeld */ = {
			isa = XCVersionGroup;
			children = (
				B44DF34D2626DEC500851950 /* Fundall.xcdatamodel */,
			);
			currentVersion = B44DF34D2626DEC500851950 /* Fundall.xcdatamodel */;
			path = Fundall.xcdatamodeld;
			sourceTree = "<group>";
			versionGroupType = wrapper.xcdatamodel;
		};
/* End XCVersionGroup section */
	};
	rootObject = B44DF3382626DEC500851950 /* Project object */;
}
